
Microsoft Visual Studio Solution File, Format Version 12.00
# Visual Studio 15
VisualStudioVersion = 15.0.28010.2050
MinimumVisualStudioVersion = 10.0.40219.1
Project("{9A19103F-16F7-4668-BE54-9A1E7A4F7556}") = "SimpleRegression", "SimpleRegression\SimpleRegression.csproj", "{CC93F5E9-AAF6-4CAC-9CAB-BA2898C5DE5A}"
EndProject
Project("{9A19103F-16F7-4668-BE54-9A1E7A4F7556}") = "BinaryClassification", "BinaryClassification\BinaryClassification.csproj", "{0F93221B-FCE3-43A7-A237-32C4F46D2396}"
EndProject
Project("{9A19103F-16F7-4668-BE54-9A1E7A4F7556}") = "BookRecommendations", "BookRecommendations\BookRecommendations.csproj", "{3DAB58F8-83C9-4737-AE62-F5DC6BDBBF7A}"
EndProject
Project("{9A19103F-16F7-4668-BE54-9A1E7A4F7556}") = "SeedClustering", "SeedClustering\SeedClustering.csproj", "{70517260-1CC8-409A-A726-BB9D28D8BF5D}"
EndProject
Project("{9A19103F-16F7-4668-BE54-9A1E7A4F7556}") = "DatabaseData", "DatabaseData\DatabaseData.csproj", "{1275E343-EBAC-486F-A049-290ADAFA354C}"
EndProject
Project("{9A19103F-16F7-4668-BE54-9A1E7A4F7556}") = "EntityFrameworkData", "EntityFrameworkData\EntityFrameworkData.csproj", "{7B653D08-7A84-4C3B-8ED8-41843A7C308E}"
EndProject
Project("{9A19103F-16F7-4668-BE54-9A1E7A4F7556}") = "Onnx", "Onnx\Onnx.csproj", "{3AC0137D-061C-497A-8FEB-4C5E087EC717}"
EndProject
Project("{9A19103F-16F7-4668-BE54-9A1E7A4F7556}") = "AutoML", "AutoML\AutoML.csproj", "{29CCE02C-491E-4178-AC99-0AD290CCD0F6}"
EndProject
Project("{9A19103F-16F7-4668-BE54-9A1E7A4F7556}") = "CustomTransform", "CustomTransform\CustomTransform.csproj", "{AD0A291F-2078-45BD-B2DB-3DA11B2A75CB}"
EndProject
Project("{9A19103F-16F7-4668-BE54-9A1E7A4F7556}") = "AnomalyDetection", "AnomalyDetection\AnomalyDetection.csproj", "{79EF0E80-5948-4687-B1BE-60DB6B2A938C}"
EndProject
Project("{6EC3EE1D-3C4E-46DD-8F32-0CC8E7565705}") = "FSharpRegression", "FSharpRegression\FSharpRegression.fsproj", "{8AB18BB8-D05A-499C-B869-24C491AC1446}"
EndProject
Project("{9A19103F-16F7-4668-BE54-9A1E7A4F7556}") = "DatabaseLoader", "DatabaseLoader\DatabaseLoader.csproj", "{A8D75A41-B139-43D1-AEE3-538D6540DDB5}"
EndProject
Project("{9A19103F-16F7-4668-BE54-9A1E7A4F7556}") = "AzureFunction", "AzureFunction\AzureFunction.csproj", "{0E54A183-8D61-4BA6-A6EA-BF24D55661DC}"
EndProject
Project("{9A19103F-16F7-4668-BE54-9A1E7A4F7556}") = "FeatureImportance", "FeatureImportance\FeatureImportance.csproj", "{D8DF42E5-501B-458F-9289-813875217AD4}"
EndProject
Project("{FAE04EC0-301F-11D3-BF4B-00C04F79EFBC}") = "SelectAndShuffle", "SelectAndShuffle\SelectAndShuffle.csproj", "{414D7AD9-C9F9-4485-AC5B-15FB8BDF416B}"
EndProject
Global
	GlobalSection(SolutionConfigurationPlatforms) = preSolution
		Debug|Any CPU = Debug|Any CPU
		Release|Any CPU = Release|Any CPU
	EndGlobalSection
	GlobalSection(ProjectConfigurationPlatforms) = postSolution
		{CC93F5E9-AAF6-4CAC-9CAB-BA2898C5DE5A}.Debug|Any CPU.ActiveCfg = Debug|Any CPU
		{CC93F5E9-AAF6-4CAC-9CAB-BA2898C5DE5A}.Debug|Any CPU.Build.0 = Debug|Any CPU
		{CC93F5E9-AAF6-4CAC-9CAB-BA2898C5DE5A}.Release|Any CPU.ActiveCfg = Release|Any CPU
		{CC93F5E9-AAF6-4CAC-9CAB-BA2898C5DE5A}.Release|Any CPU.Build.0 = Release|Any CPU
		{0F93221B-FCE3-43A7-A237-32C4F46D2396}.Debug|Any CPU.ActiveCfg = Debug|Any CPU
		{0F93221B-FCE3-43A7-A237-32C4F46D2396}.Debug|Any CPU.Build.0 = Debug|Any CPU
		{0F93221B-FCE3-43A7-A237-32C4F46D2396}.Release|Any CPU.ActiveCfg = Release|Any CPU
		{0F93221B-FCE3-43A7-A237-32C4F46D2396}.Release|Any CPU.Build.0 = Release|Any CPU
		{3DAB58F8-83C9-4737-AE62-F5DC6BDBBF7A}.Debug|Any CPU.ActiveCfg = Debug|Any CPU
		{3DAB58F8-83C9-4737-AE62-F5DC6BDBBF7A}.Debug|Any CPU.Build.0 = Debug|Any CPU
		{3DAB58F8-83C9-4737-AE62-F5DC6BDBBF7A}.Release|Any CPU.ActiveCfg = Release|Any CPU
		{3DAB58F8-83C9-4737-AE62-F5DC6BDBBF7A}.Release|Any CPU.Build.0 = Release|Any CPU
		{70517260-1CC8-409A-A726-BB9D28D8BF5D}.Debug|Any CPU.ActiveCfg = Debug|Any CPU
		{70517260-1CC8-409A-A726-BB9D28D8BF5D}.Debug|Any CPU.Build.0 = Debug|Any CPU
		{70517260-1CC8-409A-A726-BB9D28D8BF5D}.Release|Any CPU.ActiveCfg = Release|Any CPU
		{70517260-1CC8-409A-A726-BB9D28D8BF5D}.Release|Any CPU.Build.0 = Release|Any CPU
		{1275E343-EBAC-486F-A049-290ADAFA354C}.Debug|Any CPU.ActiveCfg = Debug|Any CPU
		{1275E343-EBAC-486F-A049-290ADAFA354C}.Debug|Any CPU.Build.0 = Debug|Any CPU
		{1275E343-EBAC-486F-A049-290ADAFA354C}.Release|Any CPU.ActiveCfg = Release|Any CPU
		{1275E343-EBAC-486F-A049-290ADAFA354C}.Release|Any CPU.Build.0 = Release|Any CPU
		{7B653D08-7A84-4C3B-8ED8-41843A7C308E}.Debug|Any CPU.ActiveCfg = Debug|Any CPU
		{7B653D08-7A84-4C3B-8ED8-41843A7C308E}.Debug|Any CPU.Build.0 = Debug|Any CPU
		{7B653D08-7A84-4C3B-8ED8-41843A7C308E}.Release|Any CPU.ActiveCfg = Release|Any CPU
		{7B653D08-7A84-4C3B-8ED8-41843A7C308E}.Release|Any CPU.Build.0 = Release|Any CPU
		{3AC0137D-061C-497A-8FEB-4C5E087EC717}.Debug|Any CPU.ActiveCfg = Debug|Any CPU
		{3AC0137D-061C-497A-8FEB-4C5E087EC717}.Debug|Any CPU.Build.0 = Debug|Any CPU
		{3AC0137D-061C-497A-8FEB-4C5E087EC717}.Release|Any CPU.ActiveCfg = Release|Any CPU
		{3AC0137D-061C-497A-8FEB-4C5E087EC717}.Release|Any CPU.Build.0 = Release|Any CPU
		{29CCE02C-491E-4178-AC99-0AD290CCD0F6}.Debug|Any CPU.ActiveCfg = Debug|Any CPU
		{29CCE02C-491E-4178-AC99-0AD290CCD0F6}.Debug|Any CPU.Build.0 = Debug|Any CPU
		{29CCE02C-491E-4178-AC99-0AD290CCD0F6}.Release|Any CPU.ActiveCfg = Release|Any CPU
		{29CCE02C-491E-4178-AC99-0AD290CCD0F6}.Release|Any CPU.Build.0 = Release|Any CPU
		{AD0A291F-2078-45BD-B2DB-3DA11B2A75CB}.Debug|Any CPU.ActiveCfg = Debug|Any CPU
		{AD0A291F-2078-45BD-B2DB-3DA11B2A75CB}.Debug|Any CPU.Build.0 = Debug|Any CPU
		{AD0A291F-2078-45BD-B2DB-3DA11B2A75CB}.Release|Any CPU.ActiveCfg = Release|Any CPU
		{AD0A291F-2078-45BD-B2DB-3DA11B2A75CB}.Release|Any CPU.Build.0 = Release|Any CPU
		{79EF0E80-5948-4687-B1BE-60DB6B2A938C}.Debug|Any CPU.ActiveCfg = Debug|Any CPU
		{79EF0E80-5948-4687-B1BE-60DB6B2A938C}.Debug|Any CPU.Build.0 = Debug|Any CPU
		{79EF0E80-5948-4687-B1BE-60DB6B2A938C}.Release|Any CPU.ActiveCfg = Release|Any CPU
		{79EF0E80-5948-4687-B1BE-60DB6B2A938C}.Release|Any CPU.Build.0 = Release|Any CPU
		{8AB18BB8-D05A-499C-B869-24C491AC1446}.Debug|Any CPU.ActiveCfg = Debug|Any CPU
		{8AB18BB8-D05A-499C-B869-24C491AC1446}.Debug|Any CPU.Build.0 = Debug|Any CPU
		{8AB18BB8-D05A-499C-B869-24C491AC1446}.Release|Any CPU.ActiveCfg = Release|Any CPU
		{8AB18BB8-D05A-499C-B869-24C491AC1446}.Release|Any CPU.Build.0 = Release|Any CPU
		{A8D75A41-B139-43D1-AEE3-538D6540DDB5}.Debug|Any CPU.ActiveCfg = Debug|Any CPU
		{A8D75A41-B139-43D1-AEE3-538D6540DDB5}.Debug|Any CPU.Build.0 = Debug|Any CPU
		{A8D75A41-B139-43D1-AEE3-538D6540DDB5}.Release|Any CPU.ActiveCfg = Release|Any CPU
		{A8D75A41-B139-43D1-AEE3-538D6540DDB5}.Release|Any CPU.Build.0 = Release|Any CPU
		{0E54A183-8D61-4BA6-A6EA-BF24D55661DC}.Debug|Any CPU.ActiveCfg = Debug|Any CPU
		{0E54A183-8D61-4BA6-A6EA-BF24D55661DC}.Debug|Any CPU.Build.0 = Debug|Any CPU
		{0E54A183-8D61-4BA6-A6EA-BF24D55661DC}.Release|Any CPU.ActiveCfg = Release|Any CPU
		{0E54A183-8D61-4BA6-A6EA-BF24D55661DC}.Release|Any CPU.Build.0 = Release|Any CPU
		{D8DF42E5-501B-458F-9289-813875217AD4}.Debug|Any CPU.ActiveCfg = Debug|Any CPU
		{D8DF42E5-501B-458F-9289-813875217AD4}.Debug|Any CPU.Build.0 = Debug|Any CPU
		{D8DF42E5-501B-458F-9289-813875217AD4}.Release|Any CPU.ActiveCfg = Release|Any CPU
		{D8DF42E5-501B-458F-9289-813875217AD4}.Release|Any CPU.Build.0 = Release|Any CPU
		{414D7AD9-C9F9-4485-AC5B-15FB8BDF416B}.Debug|Any CPU.ActiveCfg = Debug|Any CPU
		{414D7AD9-C9F9-4485-AC5B-15FB8BDF416B}.Debug|Any CPU.Build.0 = Debug|Any CPU
		{414D7AD9-C9F9-4485-AC5B-15FB8BDF416B}.Release|Any CPU.ActiveCfg = Release|Any CPU
		{414D7AD9-C9F9-4485-AC5B-15FB8BDF416B}.Release|Any CPU.Build.0 = Release|Any CPU
	EndGlobalSection
	GlobalSection(SolutionProperties) = preSolution
		HideSolutionNode = FALSE
	EndGlobalSection
	GlobalSection(ExtensibilityGlobals) = postSolution
		SolutionGuid = {53BFC665-EFC2-4AC8-805E-E3135AA2931B}
	EndGlobalSection
EndGlobal
